
Microsoft Visual Studio Solution File, Format Version 12.00
# Visual Studio 15
VisualStudioVersion = 15.0.26124.0
MinimumVisualStudioVersion = 15.0.26124.0
Project("{FAE04EC0-301F-11D3-BF4B-00C04F79EFBC}") = "app", "app\app.csproj", "{1BBCEC4C-5EE2-425C-B71E-F6E2C63E8012}"
EndProject
Project("{FAE04EC0-301F-11D3-BF4B-00C04F79EFBC}") = "lib", "lib\lib.csproj", "{7FAFB3BE-326B-4E53-9898-5DEC9AE71395}"
EndProject
Global
	GlobalSection(SolutionConfigurationPlatforms) = preSolution
		Debug|Any CPU = Debug|Any CPU
		Debug|x64 = Debug|x64
		Debug|x86 = Debug|x86
		Release|Any CPU = Release|Any CPU
		Release|x64 = Release|x64
		Release|x86 = Release|x86
	EndGlobalSection
	GlobalSection(SolutionProperties) = preSolution
		HideSolutionNode = FALSE
	EndGlobalSection
	GlobalSection(ProjectConfigurationPlatforms) = postSolution
		{1BBCEC4C-5EE2-425C-B71E-F6E2C63E8012}.Debug|Any CPU.ActiveCfg = Debug|Any CPU
		{1BBCEC4C-5EE2-425C-B71E-F6E2C63E8012}.Debug|Any CPU.Build.0 = Debug|Any CPU
		{1BBCEC4C-5EE2-425C-B71E-F6E2C63E8012}.Debug|x64.ActiveCfg = Debug|Any CPU
		{1BBCEC4C-5EE2-425C-B71E-F6E2C63E8012}.Debug|x64.Build.0 = Debug|Any CPU
		{1BBCEC4C-5EE2-425C-B71E-F6E2C63E8012}.Debug|x86.ActiveCfg = Debug|Any CPU
		{1BBCEC4C-5EE2-425C-B71E-F6E2C63E8012}.Debug|x86.Build.0 = Debug|Any CPU
		{1BBCEC4C-5EE2-425C-B71E-F6E2C63E8012}.Release|Any CPU.ActiveCfg = Release|Any CPU
		{1BBCEC4C-5EE2-425C-B71E-F6E2C63E8012}.Release|Any CPU.Build.0 = Release|Any CPU
		{1BBCEC4C-5EE2-425C-B71E-F6E2C63E8012}.Release|x64.ActiveCfg = Release|Any CPU
		{1BBCEC4C-5EE2-425C-B71E-F6E2C63E8012}.Release|x64.Build.0 = Release|Any CPU
		{1BBCEC4C-5EE2-425C-B71E-F6E2C63E8012}.Release|x86.ActiveCfg = Release|Any CPU
		{1BBCEC4C-5EE2-425C-B71E-F6E2C63E8012}.Release|x86.Build.0 = Release|Any CPU
		{7FAFB3BE-326B-4E53-9898-5DEC9AE71395}.Debug|Any CPU.ActiveCfg = Debug|Any CPU
		{7FAFB3BE-326B-4E53-9898-5DEC9AE71395}.Debug|Any CPU.Build.0 = Debug|Any CPU
		{7FAFB3BE-326B-4E53-9898-5DEC9AE71395}.Debug|x64.ActiveCfg = Debug|Any CPU
		{7FAFB3BE-326B-4E53-9898-5DEC9AE71395}.Debug|x64.Build.0 = Debug|Any CPU
		{7FAFB3BE-326B-4E53-9898-5DEC9AE71395}.Debug|x86.ActiveCfg = Debug|Any CPU
		{7FAFB3BE-326B-4E53-9898-5DEC9AE71395}.Debug|x86.Build.0 = Debug|Any CPU
		{7FAFB3BE-326B-4E53-9898-5DEC9AE71395}.Release|Any CPU.ActiveCfg = Release|Any CPU
		{7FAFB3BE-326B-4E53-9898-5DEC9AE71395}.Release|Any CPU.Build.0 = Release|Any CPU
		{7FAFB3BE-326B-4E53-9898-5DEC9AE71395}.Release|x64.ActiveCfg = Release|Any CPU
		{7FAFB3BE-326B-4E53-9898-5DEC9AE71395}.Release|x64.Build.0 = Release|Any CPU
		{7FAFB3BE-326B-4E53-9898-5DEC9AE71395}.Release|x86.ActiveCfg = Release|Any CPU
		{7FAFB3BE-326B-4E53-9898-5DEC9AE71395}.Release|x86.Build.0 = Release|Any CPU
	EndGlobalSection
EndGlobal
